
Microsoft Visual Studio Solution File, Format Version 11.00
# Visual Studio 2010
Project("{FAE04EC0-301F-11D3-BF4B-00C04F79EFBC}") = "prj_ex07_31927", "prj_ex07_31927\prj_ex07_31927.csproj", "{965535C8-5360-479D-8D41-67438F9D7B61}"
EndProject
Global
	GlobalSection(SolutionConfigurationPlatforms) = preSolution
		Debug|x86 = Debug|x86
		Release|x86 = Release|x86
	EndGlobalSection
	GlobalSection(ProjectConfigurationPlatforms) = postSolution
		{965535C8-5360-479D-8D41-67438F9D7B61}.Debug|x86.ActiveCfg = Debug|x86
		{965535C8-5360-479D-8D41-67438F9D7B61}.Debug|x86.Build.0 = Debug|x86
		{965535C8-5360-479D-8D41-67438F9D7B61}.Release|x86.ActiveCfg = Release|x86
		{965535C8-5360-479D-8D41-67438F9D7B61}.Release|x86.Build.0 = Release|x86
	EndGlobalSection
	GlobalSection(SolutionProperties) = preSolution
		HideSolutionNode = FALSE
	EndGlobalSection
EndGlobal
